dependencies:
- name: airflow
  repository: https://airflow.apache.org/
  version: 1.22.0
- name: postgresql
  repository: https://charts.bitnami.com/bitnami
  version: 18.8.6
digest: sha256:0c32800fbeb918d98a1ec6fa7ea52bcc7e9630ad85bce548676939d6e56ec95e
generated: "2026-08-12T15:56:40.2597252-03:00"
